
Microsoft Visual Studio Solution File, Format Version 12.00
# Visual Studio Express 2012 for Web
Project("{F2A71F9B-5D33-465A-A702-920D77279786}") = "LifeAndroidApp", "LifeAndroidApp\LifeAndroidApp.fsproj", "{F4A07C0B-57DA-46D4-8E20-B9FA03460687}"
EndProject
Project("{F2A71F9B-5D33-465A-A702-920D77279786}") = "LifeMobileSite", "LifeMobileSite\LifeMobileSite.fsproj", "{4E9F688E-E589-449C-9742-27826CC51319}"
EndProject
Project("{F2A71F9B-5D33-465A-A702-920D77279786}") = "LifeCore", "LifeCore\LifeCore.fsproj", "{6C77C0F0-7104-48A7-8C0B-1D90F01CE815}"
EndProject
Project("{F2A71F9B-5D33-465A-A702-920D77279786}") = "LifeHtml", "LifeHtml\LifeHtml.fsproj", "{D0A6B19C-7585-478B-83BD-B55EB11927B6}"
EndProject
Project("{F2A71F9B-5D33-465A-A702-920D77279786}") = "LifeWebsite", "LifeWebsite\LifeWebsite.fsproj", "{B3176716-0DC8-4F5C-9AED-C183BB23347D}"
EndProject
Project("{FAE04EC0-301F-11D3-BF4B-00C04F79EFBC}") = "LifeWebAsp", "LifeWebAsp\LifeWebAsp.csproj", "{6A7C06D1-CD9B-472D-94A4-D3C6D3D93B00}"
EndProject
Project("{F2A71F9B-5D33-465A-A702-920D77279786}") = "LifeWebsiteStatic", "LifeWebsiteStatic\LifeWebsiteStatic.fsproj", "{40351244-9FFB-46A1-B10F-F4CC48060F60}"
EndProject
Project("{2150E333-8FDC-42A3-9474-1A3956D46DE8}") = ".nuget", ".nuget", "{54C11399-42EB-429F-967F-A29B5DD4D1D3}"
	ProjectSection(SolutionItems) = preProject
		.nuget\NuGet.Config = .nuget\NuGet.Config
		.nuget\NuGet.exe = .nuget\NuGet.exe
		.nuget\NuGet.targets = .nuget\NuGet.targets
	EndProjectSection
EndProject
Global
	GlobalSection(SolutionConfigurationPlatforms) = preSolution
		Debug|Any CPU = Debug|Any CPU
		Debug|Mixed Platforms = Debug|Mixed Platforms
		Debug|x86 = Debug|x86
		Release|Any CPU = Release|Any CPU
		Release|Mixed Platforms = Release|Mixed Platforms
		Release|x86 = Release|x86
	EndGlobalSection
	GlobalSection(ProjectConfigurationPlatforms) = postSolution
		{F4A07C0B-57DA-46D4-8E20-B9FA03460687}.Debug|Any CPU.ActiveCfg = Debug|Any CPU
		{F4A07C0B-57DA-46D4-8E20-B9FA03460687}.Debug|Mixed Platforms.ActiveCfg = Debug|Any CPU
		{F4A07C0B-57DA-46D4-8E20-B9FA03460687}.Debug|x86.ActiveCfg = Debug|Any CPU
		{F4A07C0B-57DA-46D4-8E20-B9FA03460687}.Release|Any CPU.ActiveCfg = Release|Any CPU
		{F4A07C0B-57DA-46D4-8E20-B9FA03460687}.Release|Mixed Platforms.ActiveCfg = Release|Any CPU
		{F4A07C0B-57DA-46D4-8E20-B9FA03460687}.Release|x86.ActiveCfg = Release|Any CPU
		{4E9F688E-E589-449C-9742-27826CC51319}.Debug|Any CPU.ActiveCfg = Debug|Any CPU
		{4E9F688E-E589-449C-9742-27826CC51319}.Debug|Any CPU.Build.0 = Debug|Any CPU
		{4E9F688E-E589-449C-9742-27826CC51319}.Debug|Mixed Platforms.ActiveCfg = Debug|Any CPU
		{4E9F688E-E589-449C-9742-27826CC51319}.Debug|Mixed Platforms.Build.0 = Debug|Any CPU
		{4E9F688E-E589-449C-9742-27826CC51319}.Debug|x86.ActiveCfg = Debug|Any CPU
		{4E9F688E-E589-449C-9742-27826CC51319}.Debug|x86.Build.0 = Debug|Any CPU
		{4E9F688E-E589-449C-9742-27826CC51319}.Release|Any CPU.ActiveCfg = Release|Any CPU
		{4E9F688E-E589-449C-9742-27826CC51319}.Release|Any CPU.Build.0 = Release|Any CPU
		{4E9F688E-E589-449C-9742-27826CC51319}.Release|Mixed Platforms.ActiveCfg = Release|Any CPU
		{4E9F688E-E589-449C-9742-27826CC51319}.Release|x86.ActiveCfg = Release|Any CPU
		{4E9F688E-E589-449C-9742-27826CC51319}.Release|x86.Build.0 = Release|Any CPU
		{6C77C0F0-7104-48A7-8C0B-1D90F01CE815}.Debug|Any CPU.ActiveCfg = Debug|Any CPU
		{6C77C0F0-7104-48A7-8C0B-1D90F01CE815}.Debug|Any CPU.Build.0 = Debug|Any CPU
		{6C77C0F0-7104-48A7-8C0B-1D90F01CE815}.Debug|Mixed Platforms.ActiveCfg = Debug|Any CPU
		{6C77C0F0-7104-48A7-8C0B-1D90F01CE815}.Debug|Mixed Platforms.Build.0 = Debug|Any CPU
		{6C77C0F0-7104-48A7-8C0B-1D90F01CE815}.Debug|x86.ActiveCfg = Debug|Any CPU
		{6C77C0F0-7104-48A7-8C0B-1D90F01CE815}.Debug|x86.Build.0 = Debug|Any CPU
		{6C77C0F0-7104-48A7-8C0B-1D90F01CE815}.Release|Any CPU.ActiveCfg = Release|Any CPU
		{6C77C0F0-7104-48A7-8C0B-1D90F01CE815}.Release|Any CPU.Build.0 = Release|Any CPU
		{6C77C0F0-7104-48A7-8C0B-1D90F01CE815}.Release|Mixed Platforms.ActiveCfg = Release|Any CPU
		{6C77C0F0-7104-48A7-8C0B-1D90F01CE815}.Release|Mixed Platforms.Build.0 = Release|Any CPU
		{6C77C0F0-7104-48A7-8C0B-1D90F01CE815}.Release|x86.ActiveCfg = Release|Any CPU
		{6C77C0F0-7104-48A7-8C0B-1D90F01CE815}.Release|x86.Build.0 = Release|Any CPU
		{D0A6B19C-7585-478B-83BD-B55EB11927B6}.Debug|Any CPU.ActiveCfg = Debug|Any CPU
		{D0A6B19C-7585-478B-83BD-B55EB11927B6}.Debug|Any CPU.Build.0 = Debug|Any CPU
		{D0A6B19C-7585-478B-83BD-B55EB11927B6}.Debug|Mixed Platforms.ActiveCfg = Debug|Any CPU
		{D0A6B19C-7585-478B-83BD-B55EB11927B6}.Debug|Mixed Platforms.Build.0 = Debug|Any CPU
		{D0A6B19C-7585-478B-83BD-B55EB11927B6}.Debug|x86.ActiveCfg = Debug|Any CPU
		{D0A6B19C-7585-478B-83BD-B55EB11927B6}.Debug|x86.Build.0 = Debug|Any CPU
		{D0A6B19C-7585-478B-83BD-B55EB11927B6}.Release|Any CPU.ActiveCfg = Release|Any CPU
		{D0A6B19C-7585-478B-83BD-B55EB11927B6}.Release|Any CPU.Build.0 = Release|Any CPU
		{D0A6B19C-7585-478B-83BD-B55EB11927B6}.Release|Mixed Platforms.ActiveCfg = Release|Any CPU
		{D0A6B19C-7585-478B-83BD-B55EB11927B6}.Release|Mixed Platforms.Build.0 = Release|Any CPU
		{D0A6B19C-7585-478B-83BD-B55EB11927B6}.Release|x86.ActiveCfg = Release|Any CPU
		{D0A6B19C-7585-478B-83BD-B55EB11927B6}.Release|x86.Build.0 = Release|Any CPU
		{B3176716-0DC8-4F5C-9AED-C183BB23347D}.Debug|Any CPU.ActiveCfg = Debug|Any CPU
		{B3176716-0DC8-4F5C-9AED-C183BB23347D}.Debug|Any CPU.Build.0 = Debug|Any CPU
		{B3176716-0DC8-4F5C-9AED-C183BB23347D}.Debug|Mixed Platforms.ActiveCfg = Debug|Any CPU
		{B3176716-0DC8-4F5C-9AED-C183BB23347D}.Debug|Mixed Platforms.Build.0 = Debug|Any CPU
		{B3176716-0DC8-4F5C-9AED-C183BB23347D}.Debug|x86.ActiveCfg = Debug|Any CPU
		{B3176716-0DC8-4F5C-9AED-C183BB23347D}.Release|Any CPU.ActiveCfg = Release|Any CPU
		{B3176716-0DC8-4F5C-9AED-C183BB23347D}.Release|Any CPU.Build.0 = Release|Any CPU
		{B3176716-0DC8-4F5C-9AED-C183BB23347D}.Release|Mixed Platforms.ActiveCfg = Release|Any CPU
		{B3176716-0DC8-4F5C-9AED-C183BB23347D}.Release|Mixed Platforms.Build.0 = Release|Any CPU
		{B3176716-0DC8-4F5C-9AED-C183BB23347D}.Release|x86.ActiveCfg = Release|Any CPU
		{6A7C06D1-CD9B-472D-94A4-D3C6D3D93B00}.Debug|Any CPU.ActiveCfg = Debug|Any CPU
		{6A7C06D1-CD9B-472D-94A4-D3C6D3D93B00}.Debug|Any CPU.Build.0 = Debug|Any CPU
		{6A7C06D1-CD9B-472D-94A4-D3C6D3D93B00}.Debug|Mixed Platforms.ActiveCfg = Debug|Any CPU
		{6A7C06D1-CD9B-472D-94A4-D3C6D3D93B00}.Debug|Mixed Platforms.Build.0 = Debug|Any CPU
		{6A7C06D1-CD9B-472D-94A4-D3C6D3D93B00}.Debug|x86.ActiveCfg = Debug|Any CPU
		{6A7C06D1-CD9B-472D-94A4-D3C6D3D93B00}.Release|Any CPU.ActiveCfg = Release|Any CPU
		{6A7C06D1-CD9B-472D-94A4-D3C6D3D93B00}.Release|Any CPU.Build.0 = Release|Any CPU
		{6A7C06D1-CD9B-472D-94A4-D3C6D3D93B00}.Release|Mixed Platforms.ActiveCfg = Release|Any CPU
		{6A7C06D1-CD9B-472D-94A4-D3C6D3D93B00}.Release|Mixed Platforms.Build.0 = Release|Any CPU
		{6A7C06D1-CD9B-472D-94A4-D3C6D3D93B00}.Release|x86.ActiveCfg = Release|Any CPU
		{40351244-9FFB-46A1-B10F-F4CC48060F60}.Debug|Any CPU.ActiveCfg = Debug|Any CPU
		{40351244-9FFB-46A1-B10F-F4CC48060F60}.Debug|Any CPU.Build.0 = Debug|Any CPU
		{40351244-9FFB-46A1-B10F-F4CC48060F60}.Debug|Mixed Platforms.ActiveCfg = Debug|Any CPU
		{40351244-9FFB-46A1-B10F-F4CC48060F60}.Debug|Mixed Platforms.Build.0 = Debug|Any CPU
		{40351244-9FFB-46A1-B10F-F4CC48060F60}.Debug|x86.ActiveCfg = Debug|Any CPU
		{40351244-9FFB-46A1-B10F-F4CC48060F60}.Release|Any CPU.ActiveCfg = Release|Any CPU
		{40351244-9FFB-46A1-B10F-F4CC48060F60}.Release|Any CPU.Build.0 = Release|Any CPU
		{40351244-9FFB-46A1-B10F-F4CC48060F60}.Release|Mixed Platforms.ActiveCfg = Release|Any CPU
		{40351244-9FFB-46A1-B10F-F4CC48060F60}.Release|x86.ActiveCfg = Release|Any CPU
	EndGlobalSection
	GlobalSection(SolutionProperties) = preSolution
		HideSolutionNode = FALSE
	EndGlobalSection
EndGlobal
