
Microsoft Visual Studio Solution File, Format Version 12.00
# Visual Studio 2010
Project("{F2A71F9B-5D33-465A-A702-920D77279786}") = "LifeWebsite", "LifeHtmlSite\LifeWebsite.fsproj", "{40351244-9FFB-46A1-B10F-F4CC48060F60}"
EndProject
Project("{F2A71F9B-5D33-465A-A702-920D77279786}") = "LifeAndroidApp", "LifeAndroidApp\LifeAndroidApp.fsproj", "{F4A07C0B-57DA-46D4-8E20-B9FA03460687}"
EndProject
Project("{F2A71F9B-5D33-465A-A702-920D77279786}") = "LifeMobileSite", "LifeMobileSite\LifeMobileSite.fsproj", "{4E9F688E-E589-449C-9742-27826CC51319}"
EndProject
Global
	GlobalSection(SolutionConfigurationPlatforms) = preSolution
		Debug|Any CPU = Debug|Any CPU
		Release|Any CPU = Release|Any CPU
	EndGlobalSection
	GlobalSection(ProjectConfigurationPlatforms) = postSolution
		{40351244-9FFB-46A1-B10F-F4CC48060F60}.Debug|Any CPU.ActiveCfg = Debug|Any CPU
		{40351244-9FFB-46A1-B10F-F4CC48060F60}.Debug|Any CPU.Build.0 = Debug|Any CPU
		{40351244-9FFB-46A1-B10F-F4CC48060F60}.Release|Any CPU.ActiveCfg = Release|Any CPU
		{40351244-9FFB-46A1-B10F-F4CC48060F60}.Release|Any CPU.Build.0 = Release|Any CPU
		{F4A07C0B-57DA-46D4-8E20-B9FA03460687}.Debug|Any CPU.ActiveCfg = Debug|Any CPU
		{F4A07C0B-57DA-46D4-8E20-B9FA03460687}.Debug|Any CPU.Build.0 = Debug|Any CPU
		{F4A07C0B-57DA-46D4-8E20-B9FA03460687}.Release|Any CPU.ActiveCfg = Release|Any CPU
		{F4A07C0B-57DA-46D4-8E20-B9FA03460687}.Release|Any CPU.Build.0 = Release|Any CPU
		{4E9F688E-E589-449C-9742-27826CC51319}.Debug|Any CPU.ActiveCfg = Debug|Any CPU
		{4E9F688E-E589-449C-9742-27826CC51319}.Debug|Any CPU.Build.0 = Debug|Any CPU
		{4E9F688E-E589-449C-9742-27826CC51319}.Release|Any CPU.ActiveCfg = Release|Any CPU
		{4E9F688E-E589-449C-9742-27826CC51319}.Release|Any CPU.Build.0 = Release|Any CPU
	EndGlobalSection
	GlobalSection(SolutionProperties) = preSolution
		HideSolutionNode = FALSE
	EndGlobalSection
EndGlobal
